
Microsoft Visual Studio Solution File, Format Version 12.00
# Visual Studio 15
VisualStudioVersion = 15.0.28307.106
MinimumVisualStudioVersion = 10.0.40219.1
Project("{FAE04EC0-301F-11D3-BF4B-00C04F79EFBC}") = "Peaks_Factors", "Peaks_Factors\Peaks_Factors.csproj", "{FDF411E3-4B99-4ACF-B316-3C24CA884B8C}"
EndProject
Global
	GlobalSection(SolutionConfigurationPlatforms) = preSolution
		Debug|Any CPU = Debug|Any CPU
		Release|Any CPU = Release|Any CPU
	EndGlobalSection
	GlobalSection(ProjectConfigurationPlatforms) = postSolution
		{FDF411E3-4B99-4ACF-B316-3C24CA884B8C}.Debug|Any CPU.ActiveCfg = Debug|Any CPU
		{FDF411E3-4B99-4ACF-B316-3C24CA884B8C}.Debug|Any CPU.Build.0 = Debug|Any CPU
		{FDF411E3-4B99-4ACF-B316-3C24CA884B8C}.Release|Any CPU.ActiveCfg = Release|Any CPU
		{FDF411E3-4B99-4ACF-B316-3C24CA884B8C}.Release|Any CPU.Build.0 = Release|Any CPU
	EndGlobalSection
	GlobalSection(SolutionProperties) = preSolution
		HideSolutionNode = FALSE
	EndGlobalSection
	GlobalSection(ExtensibilityGlobals) = postSolution
		SolutionGuid = {49D39566-534C-4BEA-89EC-84CC50B750DF}
	EndGlobalSection
EndGlobal
